
Microsoft Visual Studio Solution File, Format Version 12.00
# Visual Studio 15
VisualStudioVersion = 15.0.27130.2010
MinimumVisualStudioVersion = 10.0.40219.1
Project("{FAE04EC0-301F-11D3-BF4B-00C04F79EFBC}") = "FishWebserviceDBASWopg6", "FishWebserviceDBASWopg6\FishWebserviceDBASWopg6.csproj", "{E9AA97F1-2C65-439B-90B7-8AC1F2CD4C9F}"
EndProject
Project("{FAE04EC0-301F-11D3-BF4B-00C04F79EFBC}") = "CatchDBRESTClientopg6", "CatchDBRESTClientopg6\CatchDBRESTClientopg6.csproj", "{497E5CBA-5A2A-46D3-A411-1B5C19A2FFFE}"
EndProject
Global
	GlobalSection(SolutionConfigurationPlatforms) = preSolution
		Debug|Any CPU = Debug|Any CPU
		Release|Any CPU = Release|Any CPU
	EndGlobalSection
	GlobalSection(ProjectConfigurationPlatforms) = postSolution
		{E9AA97F1-2C65-439B-90B7-8AC1F2CD4C9F}.Debug|Any CPU.ActiveCfg = Debug|Any CPU
		{E9AA97F1-2C65-439B-90B7-8AC1F2CD4C9F}.Debug|Any CPU.Build.0 = Debug|Any CPU
		{E9AA97F1-2C65-439B-90B7-8AC1F2CD4C9F}.Release|Any CPU.ActiveCfg = Release|Any CPU
		{E9AA97F1-2C65-439B-90B7-8AC1F2CD4C9F}.Release|Any CPU.Build.0 = Release|Any CPU
		{497E5CBA-5A2A-46D3-A411-1B5C19A2FFFE}.Debug|Any CPU.ActiveCfg = Debug|Any CPU
		{497E5CBA-5A2A-46D3-A411-1B5C19A2FFFE}.Debug|Any CPU.Build.0 = Debug|Any CPU
		{497E5CBA-5A2A-46D3-A411-1B5C19A2FFFE}.Release|Any CPU.ActiveCfg = Release|Any CPU
		{497E5CBA-5A2A-46D3-A411-1B5C19A2FFFE}.Release|Any CPU.Build.0 = Release|Any CPU
	EndGlobalSection
	GlobalSection(SolutionProperties) = preSolution
		HideSolutionNode = FALSE
	EndGlobalSection
	GlobalSection(ExtensibilityGlobals) = postSolution
		SolutionGuid = {FD080389-2142-4A8B-B73A-8C0690769445}
	EndGlobalSection
EndGlobal
